
Microsoft Visual Studio Solution File, Format Version 12.00
# Visual Studio Version 16
VisualStudioVersion = 16.0.30002.166
MinimumVisualStudioVersion = 10.0.40219.1
Project("{8BC9CEB8-8B4A-11D0-8D11-00A0C91BC942}") = "Graph", "Graph.vcxproj", "{A2337F1B-6E1E-4635-8F59-5584489BCD3E}"
EndProject
Global
	GlobalSection(SolutionConfigurationPlatforms) = preSolution
		Debug|x64 = Debug|x64
		Debug|x86 = Debug|x86
		Release|x64 = Release|x64
		Release|x86 = Release|x86
	EndGlobalSection
	GlobalSection(ProjectConfigurationPlatforms) = postSolution
		{A2337F1B-6E1E-4635-8F59-5584489BCD3E}.Debug|x64.ActiveCfg = Debug|x64
		{A2337F1B-6E1E-4635-8F59-5584489BCD3E}.Debug|x64.Build.0 = Debug|x64
		{A2337F1B-6E1E-4635-8F59-5584489BCD3E}.Debug|x86.ActiveCfg = Debug|Win32
		{A2337F1B-6E1E-4635-8F59-5584489BCD3E}.Debug|x86.Build.0 = Debug|Win32
		{A2337F1B-6E1E-4635-8F59-5584489BCD3E}.Release|x64.ActiveCfg = Release|x64
		{A2337F1B-6E1E-4635-8F59-5584489BCD3E}.Release|x64.Build.0 = Release|x64
		{A2337F1B-6E1E-4635-8F59-5584489BCD3E}.Release|x86.ActiveCfg = Release|Win32
		{A2337F1B-6E1E-4635-8F59-5584489BCD3E}.Release|x86.Build.0 = Release|Win32
	EndGlobalSection
	GlobalSection(SolutionProperties) = preSolution
		HideSolutionNode = FALSE
	EndGlobalSection
	GlobalSection(ExtensibilityGlobals) = postSolution
		SolutionGuid = {265DC534-A0AD-4329-B136-7958459560BC}
	EndGlobalSection
EndGlobal
